// !$*UTF8*$!
{
	archiveVersion = 1;
	classes = {
	};
	objectVersion = 56;
	objects = {

/* Begin PBXBuildFile section */
		5DBDA71F2BD7E8D400E44685 /* Habit.swift in Sources */ = {isa = PBXBuildFile; fileRef = 5DBDA71E2BD7E8D400E44685 /* Habit.swift */; };
		5DBDA7222BD7EAD800E44685 /* FirebaseAuth in Frameworks */ = {isa = PBXBuildFile; productRef = 5DBDA7212BD7EAD800E44685 /* FirebaseAuth */; };
		5DBDA7242BD7EAD800E44685 /* FirebaseFirestore in Frameworks */ = {isa = PBXBuildFile; productRef = 5DBDA7232BD7EAD800E44685 /* FirebaseFirestore */; };
		5DBDA7262BD7EAD800E44685 /* FirebaseFirestoreSwift in Frameworks */ = {isa = PBXBuildFile; productRef = 5DBDA7252BD7EAD800E44685 /* FirebaseFirestoreSwift */; };
		5DBDA72E2BD7EDB900E44685 /* GoogleService-Info.plist in Resources */ = {isa = PBXBuildFile; fileRef = 5DBDA72D2BD7EDB900E44685 /* GoogleService-Info.plist */; };
		5DBDF9122BDA6B6B008BFD07 /* HabitsViewModel.swift in Sources */ = {isa = PBXBuildFile; fileRef = 5DBDF9112BDA6B6B008BFD07 /* HabitsViewModel.swift */; };
		5DE854022BD65F9C00D176F6 /* Habit_TrackerApp.swift in Sources */ = {isa = PBXBuildFile; fileRef = 5DE854012BD65F9C00D176F6 /* Habit_TrackerApp.swift */; };
		5DE854042BD65F9C00D176F6 /* ContentView.swift in Sources */ = {isa = PBXBuildFile; fileRef = 5DE854032BD65F9C00D176F6 /* ContentView.swift */; };
		5DE854062BD65F9E00D176F6 /* Assets.xcassets in Resources */ = {isa = PBXBuildFile; fileRef = 5DE854052BD65F9E00D176F6 /* Assets.xcassets */; };
		5DE854092BD65F9E00D176F6 /* Preview Assets.xcassets in Resources */ = {isa = PBXBuildFile; fileRef = 5DE854082BD65F9E00D176F6 /* Preview Assets.xcassets */; };
		5DE854132BD65F9F00D176F6 /* Habit_TrackerTests.swift in Sources */ = {isa = PBXBuildFile; fileRef = 5DE854122BD65F9F00D176F6 /* Habit_TrackerTests.swift */; };
		5DE8541D2BD65F9F00D176F6 /* Habit_TrackerUITests.swift in Sources */ = {isa = PBXBuildFile; fileRef = 5DE8541C2BD65F9F00D176F6 /* Habit_TrackerUITests.swift */; };
		5DE8541F2BD65F9F00D176F6 /* Habit_TrackerUITestsLaunchTests.swift in Sources */ = {isa = PBXBuildFile; fileRef = 5DE8541E2BD65F9F00D176F6 /* Habit_TrackerUITestsLaunchTests.swift */; };
/* End PBXBuildFile section */

/* Begin PBXContainerItemProxy section */
		5DE8540F2BD65F9F00D176F6 /* PBXContainerItemProxy */ = {
			isa = PBXContainerItemProxy;
			containerPortal = 5DE853F62BD65F9C00D176F6 /* Project object */;
			proxyType = 1;
			remoteGlobalIDString = 5DE853FD2BD65F9C00D176F6;
			remoteInfo = "Habit Tracker";
		};
		5DE854192BD65F9F00D176F6 /* PBXContainerItemProxy */ = {
			isa = PBXContainerItemProxy;
			containerPortal = 5DE853F62BD65F9C00D176F6 /* Project object */;
			proxyType = 1;
			remoteGlobalIDString = 5DE853FD2BD65F9C00D176F6;
			remoteInfo = "Habit Tracker";
		};
/* End PBXContainerItemProxy section */

/* Begin PBXFileReference section */
		5DBDA71E2BD7E8D400E44685 /* Habit.swift */ = {isa = PBXFileReference; lastKnownFileType = sourcecode.swift; path = Habit.swift; sourceTree = "<group>"; };
		5DBDA72D2BD7EDB900E44685 /* GoogleService-Info.plist */ = {isa = PBXFileReference; fileEncoding = 4; lastKnownFileType = text.plist.xml; path = "GoogleService-Info.plist"; sourceTree = "<group>"; };
		5DBDF9112BDA6B6B008BFD07 /* HabitsViewModel.swift */ = {isa = PBXFileReference; lastKnownFileType = sourcecode.swift; path = HabitsViewModel.swift; sourceTree = "<group>"; };
		5DE853FE2BD65F9C00D176F6 /* Habit Tracker.app */ = {isa = PBXFileReference; explicitFileType = wrapper.application; includeInIndex = 0; path = "Habit Tracker.app"; sourceTree = BUILT_PRODUCTS_DIR; };
		5DE854012BD65F9C00D176F6 /* Habit_TrackerApp.swift */ = {isa = PBXFileReference; lastKnownFileType = sourcecode.swift; path = Habit_TrackerApp.swift; sourceTree = "<group>"; };
		5DE854032BD65F9C00D176F6 /* ContentView.swift */ = {isa = PBXFileReference; lastKnownFileType = sourcecode.swift; path = ContentView.swift; sourceTree = "<group>"; };
		5DE854052BD65F9E00D176F6 /* Assets.xcassets */ = {isa = PBXFileReference; lastKnownFileType = folder.assetcatalog; path = Assets.xcassets; sourceTree = "<group>"; };
		5DE854082BD65F9E00D176F6 /* Preview Assets.xcassets */ = {isa = PBXFileReference; lastKnownFileType = folder.assetcatalog; path = "Preview Assets.xcassets"; sourceTree = "<group>"; };
		5DE8540E2BD65F9F00D176F6 /* Habit TrackerTests.xctest */ = {isa = PBXFileReference; explicitFileType = wrapper.cfbundle; includeInIndex = 0; path = "Habit TrackerTests.xctest"; sourceTree = BUILT_PRODUCTS_DIR; };
		5DE854122BD65F9F00D176F6 /* Habit_TrackerTests.swift */ = {isa = PBXFileReference; lastKnownFileType = sourcecode.swift; path = Habit_TrackerTests.swift; sourceTree = "<group>"; };
		5DE854182BD65F9F00D176F6 /* Habit TrackerUITests.xctest */ = {isa = PBXFileReference; explicitFileType = wrapper.cfbundle; includeInIndex = 0; path = "Habit TrackerUITests.xctest"; sourceTree = BUILT_PRODUCTS_DIR; };
		5DE8541C2BD65F9F00D176F6 /* Habit_TrackerUITests.swift */ = {isa = PBXFileReference; lastKnownFileType = sourcecode.swift; path = Habit_TrackerUITests.swift; sourceTree = "<group>"; };
		5DE8541E2BD65F9F00D176F6 /* Habit_TrackerUITestsLaunchTests.swift */ = {isa = PBXFileReference; lastKnownFileType = sourcecode.swift; path = Habit_TrackerUITestsLaunchTests.swift; sourceTree = "<group>"; };
/* End PBXFileReference section */

/* Begin PBXFrameworksBuildPhase section */
		5DE853FB2BD65F9C00D176F6 /* Frameworks */ = {
			isa = PBXFrameworksBuildPhase;
			buildActionMask = 2147483647;
			files = (
				5DBDA7222BD7EAD800E44685 /* FirebaseAuth in Frameworks */,
				5DBDA7242BD7EAD800E44685 /* FirebaseFirestore in Frameworks */,
				5DBDA7262BD7EAD800E44685 /* FirebaseFirestoreSwift in Frameworks */,
			);
			runOnlyForDeploymentPostprocessing = 0;
		};
		5DE8540B2BD65F9F00D176F6 /* Frameworks */ = {
			isa = PBXFrameworksBuildPhase;
			buildActionMask = 2147483647;
			files = (
			);
			runOnlyForDeploymentPostprocessing = 0;
		};
		5DE854152BD65F9F00D176F6 /* Frameworks */ = {
			isa = PBXFrameworksBuildPhase;
			buildActionMask = 2147483647;
			files = (
			);
			runOnlyForDeploymentPostprocessing = 0;
		};
/* End PBXFrameworksBuildPhase section */

/* Begin PBXGroup section */
		5DE853F52BD65F9C00D176F6 = {
			isa = PBXGroup;
			children = (
				5DE854002BD65F9C00D176F6 /* Habit Tracker */,
				5DE854112BD65F9F00D176F6 /* Habit TrackerTests */,
				5DE8541B2BD65F9F00D176F6 /* Habit TrackerUITests */,
				5DE853FF2BD65F9C00D176F6 /* Products */,
			);
			sourceTree = "<group>";
		};
		5DE853FF2BD65F9C00D176F6 /* Products */ = {
			isa = PBXGroup;
			children = (
				5DE853FE2BD65F9C00D176F6 /* Habit Tracker.app */,
				5DE8540E2BD65F9F00D176F6 /* Habit TrackerTests.xctest */,
				5DE854182BD65F9F00D176F6 /* Habit TrackerUITests.xctest */,
			);
			name = Products;
			sourceTree = "<group>";
		};
		5DE854002BD65F9C00D176F6 /* Habit Tracker */ = {
			isa = PBXGroup;
			children = (
				5DBDA72D2BD7EDB900E44685 /* GoogleService-Info.plist */,
				5DE854012BD65F9C00D176F6 /* Habit_TrackerApp.swift */,
				5DE854032BD65F9C00D176F6 /* ContentView.swift */,
				5DE854052BD65F9E00D176F6 /* Assets.xcassets */,
				5DE854072BD65F9E00D176F6 /* Preview Content */,
				5DBDA71E2BD7E8D400E44685 /* Habit.swift */,
				5DBDF9112BDA6B6B008BFD07 /* HabitsViewModel.swift */,
			);
			path = "Habit Tracker";
			sourceTree = "<group>";
		};
		5DE854072BD65F9E00D176F6 /* Preview Content */ = {
			isa = PBXGroup;
			children = (
				5DE854082BD65F9E00D176F6 /* Preview Assets.xcassets */,
			);
			path = "Preview Content";
			sourceTree = "<group>";
		};
		5DE854112BD65F9F00D176F6 /* Habit TrackerTests */ = {
			isa = PBXGroup;
			children = (
				5DE854122BD65F9F00D176F6 /* Habit_TrackerTests.swift */,
			);
			path = "Habit TrackerTests";
			sourceTree = "<group>";
		};
		5DE8541B2BD65F9F00D176F6 /* Habit TrackerUITests */ = {
			isa = PBXGroup;
			children = (
				5DE8541C2BD65F9F00D176F6 /* Habit_TrackerUITests.swift */,
				5DE8541E2BD65F9F00D176F6 /* Habit_TrackerUITestsLaunchTests.swift */,
			);
			path = "Habit TrackerUITests";
			sourceTree = "<group>";
		};
/* End PBXGroup section */

/* Begin PBXNativeTarget section */
		5DE853FD2BD65F9C00D176F6 /* Habit Tracker */ = {
			isa = PBXNativeTarget;
			buildConfigurationList = 5DE854222BD65F9F00D176F6 /* Build configuration list for PBXNativeTarget "Habit Tracker" */;
			buildPhases = (
				5DE853FA2BD65F9C00D176F6 /* Sources */,
				5DE853FB2BD65F9C00D176F6 /* Frameworks */,
				5DE853FC2BD65F9C00D176F6 /* Resources */,
			);
			buildRules = (
			);
			dependencies = (
			);
			name = "Habit Tracker";
			packageProductDependencies = (
				5DBDA7212BD7EAD800E44685 /* FirebaseAuth */,
				5DBDA7232BD7EAD800E44685 /* FirebaseFirestore */,
				5DBDA7252BD7EAD800E44685 /* FirebaseFirestoreSwift */,
			);
			productName = "Habit Tracker";
			productReference = 5DE853FE2BD65F9C00D176F6 /* Habit Tracker.app */;
			productType = "com.apple.product-type.application";
		};
		5DE8540D2BD65F9F00D176F6 /* Habit TrackerTests */ = {
			isa = PBXNativeTarget;
			buildConfigurationList = 5DE854252BD65F9F00D176F6 /* Build configuration list for PBXNativeTarget "Habit TrackerTests" */;
			buildPhases = (
				5DE8540A2BD65F9F00D176F6 /* Sources */,
				5DE8540B2BD65F9F00D176F6 /* Frameworks */,
				5DE8540C2BD65F9F00D176F6 /* Resources */,
			);
			buildRules = (
			);
			dependencies = (
				5DE854102BD65F9F00D176F6 /* PBXTargetDependency */,
			);
			name = "Habit TrackerTests";
			productName = "Habit TrackerTests";
			productReference = 5DE8540E2BD65F9F00D176F6 /* Habit TrackerTests.xctest */;
			productType = "com.apple.product-type.bundle.unit-test";
		};
		5DE854172BD65F9F00D176F6 /* Habit TrackerUITests */ = {
			isa = PBXNativeTarget;
			buildConfigurationList = 5DE854282BD65F9F00D176F6 /* Build configuration list for PBXNativeTarget "Habit TrackerUITests" */;
			buildPhases = (
				5DE854142BD65F9F00D176F6 /* Sources */,
				5DE854152BD65F9F00D176F6 /* Frameworks */,
				5DE854162BD65F9F00D176F6 /* Resources */,
			);
			buildRules = (
			);
			dependencies = (
				5DE8541A2BD65F9F00D176F6 /* PBXTargetDependency */,
			);
			name = "Habit TrackerUITests";
			productName = "Habit TrackerUITests";
			productReference = 5DE854182BD65F9F00D176F6 /* Habit TrackerUITests.xctest */;
			productType = "com.apple.product-type.bundle.ui-testing";
		};
/* End PBXNativeTarget section */

/* Begin PBXProject section */
		5DE853F62BD65F9C00D176F6 /* Project object */ = {
			isa = PBXProject;
			attributes = {
				BuildIndependentTargetsInParallel = 1;
				LastSwiftUpdateCheck = 1530;
				LastUpgradeCheck = 1530;
				TargetAttributes = {
					5DE853FD2BD65F9C00D176F6 = {
						CreatedOnToolsVersion = 15.3;
					};
					5DE8540D2BD65F9F00D176F6 = {
						CreatedOnToolsVersion = 15.3;
						TestTargetID = 5DE853FD2BD65F9C00D176F6;
					};
					5DE854172BD65F9F00D176F6 = {
						CreatedOnToolsVersion = 15.3;
						TestTargetID = 5DE853FD2BD65F9C00D176F6;
					};
				};
			};
			buildConfigurationList = 5DE853F92BD65F9C00D176F6 /* Build configuration list for PBXProject "Habit Tracker" */;
			compatibilityVersion = "Xcode 14.0";
			developmentRegion = en;
			hasScannedForEncodings = 0;
			knownRegions = (
				en,
				Base,
			);
			mainGroup = 5DE853F52BD65F9C00D176F6;
			packageReferences = (
				5DBDA7202BD7EAD800E44685 /* XCRemoteSwiftPackageReference "firebase-ios-sdk" */,
			);
			productRefGroup = 5DE853FF2BD65F9C00D176F6 /* Products */;
			projectDirPath = "";
			projectRoot = "";
			targets = (
				5DE853FD2BD65F9C00D176F6 /* Habit Tracker */,
				5DE8540D2BD65F9F00D176F6 /* Habit TrackerTests */,
				5DE854172BD65F9F00D176F6 /* Habit TrackerUITests */,
			);
		};
/* End PBXProject section */

/* Begin PBXResourcesBuildPhase section */
		5DE853FC2BD65F9C00D176F6 /* Resources */ = {
			isa = PBXResourcesBuildPhase;
			buildActionMask = 2147483647;
			files = (
				5DE854092BD65F9E00D176F6 /* Preview Assets.xcassets in Resources */,
				5DE854062BD65F9E00D176F6 /* Assets.xcassets in Resources */,
				5DBDA72E2BD7EDB900E44685 /* GoogleService-Info.plist in Resources */,
			);
			runOnlyForDeploymentPostprocessing = 0;
		};
		5DE8540C2BD65F9F00D176F6 /* Resources */ = {
			isa = PBXResourcesBuildPhase;
			buildActionMask = 2147483647;
			files = (
			);
			runOnlyForDeploymentPostprocessing = 0;
		};
		5DE854162BD65F9F00D176F6 /* Resources */ = {
			isa = PBXResourcesBuildPhase;
			buildActionMask = 2147483647;
			files = (
			);
			runOnlyForDeploymentPostprocessing = 0;
		};
/* End PBXResourcesBuildPhase section */

/* Begin PBXSourcesBuildPhase section */
		5DE853FA2BD65F9C00D176F6 /* Sources */ = {
			isa = PBXSourcesBuildPhase;
			buildActionMask = 2147483647;
			files = (
				5DBDA71F2BD7E8D400E44685 /* Habit.swift in Sources */,
				5DE854042BD65F9C00D176F6 /* ContentView.swift in Sources */,
				5DE854022BD65F9C00D176F6 /* Habit_TrackerApp.swift in Sources */,
				5DBDF9122BDA6B6B008BFD07 /* HabitsViewModel.swift in Sources */,
			);
			runOnlyForDeploymentPostprocessing = 0;
		};
		5DE8540A2BD65F9F00D176F6 /* Sources */ = {
			isa = PBXSourcesBuildPhase;
			buildActionMask = 2147483647;
			files = (
				5DE854132BD65F9F00D176F6 /* Habit_TrackerTests.swift in Sources */,
			);
			runOnlyForDeploymentPostprocessing = 0;
		};
		5DE854142BD65F9F00D176F6 /* Sources */ = {
			isa = PBXSourcesBuildPhase;
			buildActionMask = 2147483647;
			files = (
				5DE8541F2BD65F9F00D176F6 /* Habit_TrackerUITestsLaunchTests.swift in Sources */,
				5DE8541D2BD65F9F00D176F6 /* Habit_TrackerUITests.swift in Sources */,
			);
			runOnlyForDeploymentPostprocessing = 0;
		};
/* End PBXSourcesBuildPhase section */

/* Begin PBXTargetDependency section */
		5DE854102BD65F9F00D176F6 /* PBXTargetDependency */ = {
			isa = PBXTargetDependency;
			target = 5DE853FD2BD65F9C00D176F6 /* Habit Tracker */;
			targetProxy = 5DE8540F2BD65F9F00D176F6 /* PBXContainerItemProxy */;
		};
		5DE8541A2BD65F9F00D176F6 /* PBXTargetDependency */ = {
			isa = PBXTargetDependency;
			target = 5DE853FD2BD65F9C00D176F6 /* Habit Tracker */;
			targetProxy = 5DE854192BD65F9F00D176F6 /* PBXContainerItemProxy */;
		};
/* End PBXTargetDependency section */

/* Begin XCBuildConfiguration section */
		5DE854202BD65F9F00D176F6 /* Debug */ = {
			isa = XCBuildConfiguration;
			buildSettings = {
				ALWAYS_SEARCH_USER_PATHS = NO;
				ASSETCATALOG_COMPILER_GENERATE_SWIFT_ASSET_SYMBOL_EXTENSIONS = YES;
				CLANG_ANALYZER_NONNULL = YES;
				CLANG_ANALYZER_NUMBER_OBJECT_CONVERSION = YES_AGGRESSIVE;
				CLANG_CXX_LANGUAGE_STANDARD = "gnu++20";
				CLANG_ENABLE_MODULES = YES;
				CLANG_ENABLE_OBJC_ARC = YES;
				CLANG_ENABLE_OBJC_WEAK = YES;
				CLANG_WARN_BLOCK_CAPTURE_AUTORELEASING = YES;
				CLANG_WARN_BOOL_CONVERSION = YES;
				CLANG_WARN_COMMA = YES;
				CLANG_WARN_CONSTANT_CONVERSION = YES;
				CLANG_WARN_DEPRECATED_OBJC_IMPLEMENTATIONS = YES;
				CLANG_WARN_DIRECT_OBJC_ISA_USAGE = YES_ERROR;
				CLANG_WARN_DOCUMENTATION_COMMENTS = YES;
				CLANG_WARN_EMPTY_BODY = YES;
				CLANG_WARN_ENUM_CONVERSION = YES;
				CLANG_WARN_INFINITE_RECURSION = YES;
				CLANG_WARN_INT_CONVERSION = YES;
				CLANG_WARN_NON_LITERAL_NULL_CONVERSION = YES;
				CLANG_WARN_OBJC_IMPLICIT_RETAIN_SELF = YES;
				CLANG_WARN_OBJC_LITERAL_CONVERSION = YES;
				CLANG_WARN_OBJC_ROOT_CLASS = YES_ERROR;
				CLANG_WARN_QUOTED_INCLUDE_IN_FRAMEWORK_HEADER = YES;
				CLANG_WARN_RANGE_LOOP_ANALYSIS = YES;
				CLANG_WARN_STRICT_PROTOTYPES = YES;
				CLANG_WARN_SUSPICIOUS_MOVE = YES;
				CLANG_WARN_UNGUARDED_AVAILABILITY = YES_AGGRESSIVE;
				CLANG_WARN_UNREACHABLE_CODE = YES;
				CLANG_WARN__DUPLICATE_METHOD_MATCH = YES;
				COPY_PHASE_STRIP = NO;
				DEBUG_INFORMATION_FORMAT = dwarf;
				ENABLE_STRICT_OBJC_MSGSEND = YES;
				ENABLE_TESTABILITY = YES;
				ENABLE_USER_SCRIPT_SANDBOXING = YES;
				GCC_C_LANGUAGE_STANDARD = gnu17;
				GCC_DYNAMIC_NO_PIC = NO;
				GCC_NO_COMMON_BLOCKS = YES;
				GCC_OPTIMIZATION_LEVEL = 0;
				GCC_PREPROCESSOR_DEFINITIONS = (
					"DEBUG=1",
					"$(inherited)",
				);
				GCC_WARN_64_TO_32_BIT_CONVERSION = YES;
				GCC_WARN_ABOUT_RETURN_TYPE = YES_ERROR;
				GCC_WARN_UNDECLARED_SELECTOR = YES;
				GCC_WARN_UNINITIALIZED_AUTOS = YES_AGGRESSIVE;
				GCC_WARN_UNUSED_FUNCTION = YES;
				GCC_WARN_UNUSED_VARIABLE = YES;
				IPHONEOS_DEPLOYMENT_TARGET = 17.4;
				LOCALIZATION_PREFERS_STRING_CATALOGS = YES;
				MTL_ENABLE_DEBUG_INFO = INCLUDE_SOURCE;
				MTL_FAST_MATH = YES;
				ONLY_ACTIVE_ARCH = YES;
				SDKROOT = iphoneos;
				SWIFT_ACTIVE_COMPILATION_CONDITIONS = "DEBUG $(inherited)";
				SWIFT_OPTIMIZATION_LEVEL = "-Onone";
			};
			name = Debug;
		};
		5DE854212BD65F9F00D176F6 /* Release */ = {
			isa = XCBuildConfiguration;
			buildSettings = {
				ALWAYS_SEARCH_USER_PATHS = NO;
				ASSETCATALOG_COMPILER_GENERATE_SWIFT_ASSET_SYMBOL_EXTENSIONS = YES;
				CLANG_ANALYZER_NONNULL = YES;
				CLANG_ANALYZER_NUMBER_OBJECT_CONVERSION = YES_AGGRESSIVE;
				CLANG_CXX_LANGUAGE_STANDARD = "gnu++20";
				CLANG_ENABLE_MODULES = YES;
				CLANG_ENABLE_OBJC_ARC = YES;
				CLANG_ENABLE_OBJC_WEAK = YES;
				CLANG_WARN_BLOCK_CAPTURE_AUTORELEASING = YES;
				CLANG_WARN_BOOL_CONVERSION = YES;
				CLANG_WARN_COMMA = YES;
				CLANG_WARN_CONSTANT_CONVERSION = YES;
				CLANG_WARN_DEPRECATED_OBJC_IMPLEMENTATIONS = YES;
				CLANG_WARN_DIRECT_OBJC_ISA_USAGE = YES_ERROR;
				CLANG_WARN_DOCUMENTATION_COMMENTS = YES;
				CLANG_WARN_EMPTY_BODY = YES;
				CLANG_WARN_ENUM_CONVERSION = YES;
				CLANG_WARN_INFINITE_RECURSION = YES;
				CLANG_WARN_INT_CONVERSION = YES;
				CLANG_WARN_NON_LITERAL_NULL_CONVERSION = YES;
				CLANG_WARN_OBJC_IMPLICIT_RETAIN_SELF = YES;
				CLANG_WARN_OBJC_LITERAL_CONVERSION = YES;
				CLANG_WARN_OBJC_ROOT_CLASS = YES_ERROR;
				CLANG_WARN_QUOTED_INCLUDE_IN_FRAMEWORK_HEADER = YES;
				CLANG_WARN_RANGE_LOOP_ANALYSIS = YES;
				CLANG_WARN_STRICT_PROTOTYPES = YES;
				CLANG_WARN_SUSPICIOUS_MOVE = YES;
				CLANG_WARN_UNGUARDED_AVAILABILITY = YES_AGGRESSIVE;
				CLANG_WARN_UNREACHABLE_CODE = YES;
				CLANG_WARN__DUPLICATE_METHOD_MATCH = YES;
				COPY_PHASE_STRIP = NO;
				DEBUG_INFORMATION_FORMAT = "dwarf-with-dsym";
				ENABLE_NS_ASSERTIONS = NO;
				ENABLE_STRICT_OBJC_MSGSEND = YES;
				ENABLE_USER_SCRIPT_SANDBOXING = YES;
				GCC_C_LANGUAGE_STANDARD = gnu17;
				GCC_NO_COMMON_BLOCKS = YES;
				GCC_WARN_64_TO_32_BIT_CONVERSION = YES;
				GCC_WARN_ABOUT_RETURN_TYPE = YES_ERROR;
				GCC_WARN_UNDECLARED_SELECTOR = YES;
				GCC_WARN_UNINITIALIZED_AUTOS = YES_AGGRESSIVE;
				GCC_WARN_UNUSED_FUNCTION = YES;
				GCC_WARN_UNUSED_VARIABLE = YES;
				IPHONEOS_DEPLOYMENT_TARGET = 17.4;
				LOCALIZATION_PREFERS_STRING_CATALOGS = YES;
				MTL_ENABLE_DEBUG_INFO = NO;
				MTL_FAST_MATH = YES;
				SDKROOT = iphoneos;
				SWIFT_COMPILATION_MODE = wholemodule;
				VALIDATE_PRODUCT = YES;
			};
			name = Release;
		};
		5DE854232BD65F9F00D176F6 /* Debug */ = {
			isa = XCBuildConfiguration;
			buildSettings = {
				ASSETCATALOG_COMPILER_APPICON_NAME = AppIcon;
				ASSETCATALOG_COMPILER_GLOBAL_ACCENT_COLOR_NAME = AccentColor;
				CODE_SIGN_STYLE = Automatic;
				CURRENT_PROJECT_VERSION = 1;
				DEVELOPMENT_ASSET_PATHS = "\"Habit Tracker/Preview Content\"";
				ENABLE_PREVIEWS = YES;
				GENERATE_INFOPLIST_FILE = YES;
				INFOPLIST_KEY_UIApplicationSceneManifest_Generation = YES;
				INFOPLIST_KEY_UIApplicationSupportsIndirectInputEvents = YES;
				INFOPLIST_KEY_UILaunchScreen_Generation = YES;
				INFOPLIST_KEY_UISupportedInterfaceOrientations_iPad = "UIInterfaceOrientationPortrait UIInterfaceOrientationPortraitUpsideDown UIInterfaceOrientationLandscapeLeft UIInterfaceOrientationLandscapeRight";
				INFOPLIST_KEY_UISupportedInterfaceOrientations_iPhone = "UIInterfaceOrientationPortrait UIInterfaceOrientationLandscapeLeft UIInterfaceOrientationLandscapeRight";
				LD_RUNPATH_SEARCH_PATHS = (
					"$(inherited)",
					"@executable_path/Frameworks",
				);
				MARKETING_VERSION = 1.0;
				PRODUCT_BUNDLE_IDENTIFIER = "com.example.Habit-Tracker";
				PRODUCT_NAME = "$(TARGET_NAME)";
				SWIFT_EMIT_LOC_STRINGS = YES;
				SWIFT_VERSION = 5.0;
				TARGETED_DEVICE_FAMILY = "1,2";
			};
			name = Debug;
		};
		5DE854242BD65F9F00D176F6 /* Release */ = {
			isa = XCBuildConfiguration;
			buildSettings = {
				ASSETCATALOG_COMPILER_APPICON_NAME = AppIcon;
				ASSETCATALOG_COMPILER_GLOBAL_ACCENT_COLOR_NAME = AccentColor;
				CODE_SIGN_STYLE = Automatic;
				CURRENT_PROJECT_VERSION = 1;
				DEVELOPMENT_ASSET_PATHS = "\"Habit Tracker/Preview Content\"";
				ENABLE_PREVIEWS = YES;
				GENERATE_INFOPLIST_FILE = YES;
				INFOPLIST_KEY_UIApplicationSceneManifest_Generation = YES;
				INFOPLIST_KEY_UIApplicationSupportsIndirectInputEvents = YES;
				INFOPLIST_KEY_UILaunchScreen_Generation = YES;
				INFOPLIST_KEY_UISupportedInterfaceOrientations_iPad = "UIInterfaceOrientationPortrait UIInterfaceOrientationPortraitUpsideDown UIInterfaceOrientationLandscapeLeft UIInterfaceOrientationLandscapeRight";
				INFOPLIST_KEY_UISupportedInterfaceOrientations_iPhone = "UIInterfaceOrientationPortrait UIInterfaceOrientationLandscapeLeft UIInterfaceOrientationLandscapeRight";
				LD_RUNPATH_SEARCH_PATHS = (
					"$(inherited)",
					"@executable_path/Frameworks",
				);
				MARKETING_VERSION = 1.0;
				PRODUCT_BUNDLE_IDENTIFIER = "com.example.Habit-Tracker";
				PRODUCT_NAME = "$(TARGET_NAME)";
				SWIFT_EMIT_LOC_STRINGS = YES;
				SWIFT_VERSION = 5.0;
				TARGETED_DEVICE_FAMILY = "1,2";
			};
			name = Release;
		};
		5DE854262BD65F9F00D176F6 /* Debug */ = {
			isa = XCBuildConfiguration;
			buildSettings = {
				ALWAYS_EMBED_SWIFT_STANDARD_LIBRARIES = YES;
				BUNDLE_LOADER = "$(TEST_HOST)";
				CODE_SIGN_STYLE = Automatic;
				CURRENT_PROJECT_VERSION = 1;
				GENERATE_INFOPLIST_FILE = YES;
				IPHONEOS_DEPLOYMENT_TARGET = 17.4;
				MARKETING_VERSION = 1.0;
				PRODUCT_BUNDLE_IDENTIFIER = "com.example.Habit-TrackerTests";
				PRODUCT_NAME = "$(TARGET_NAME)";
				SWIFT_EMIT_LOC_STRINGS = NO;
				SWIFT_VERSION = 5.0;
				TARGETED_DEVICE_FAMILY = "1,2";
				TEST_HOST = "$(BUILT_PRODUCTS_DIR)/Habit Tracker.app/$(BUNDLE_EXECUTABLE_FOLDER_PATH)/Habit Tracker";
			};
			name = Debug;
		};
		5DE854272BD65F9F00D176F6 /* Release */ = {
			isa = XCBuildConfiguration;
			buildSettings = {
				ALWAYS_EMBED_SWIFT_STANDARD_LIBRARIES = YES;
				BUNDLE_LOADER = "$(TEST_HOST)";
				CODE_SIGN_STYLE = Automatic;
				CURRENT_PROJECT_VERSION = 1;
				GENERATE_INFOPLIST_FILE = YES;
				IPHONEOS_DEPLOYMENT_TARGET = 17.4;
				MARKETING_VERSION = 1.0;
				PRODUCT_BUNDLE_IDENTIFIER = "com.example.Habit-TrackerTests";
				PRODUCT_NAME = "$(TARGET_NAME)";
				SWIFT_EMIT_LOC_STRINGS = NO;
				SWIFT_VERSION = 5.0;
				TARGETED_DEVICE_FAMILY = "1,2";
				TEST_HOST = "$(BUILT_PRODUCTS_DIR)/Habit Tracker.app/$(BUNDLE_EXECUTABLE_FOLDER_PATH)/Habit Tracker";
			};
			name = Release;
		};
		5DE854292BD65F9F00D176F6 /* Debug */ = {
			isa = XCBuildConfiguration;
			buildSettings = {
				ALWAYS_EMBED_SWIFT_STANDARD_LIBRARIES = YES;
				CODE_SIGN_STYLE = Automatic;
				CURRENT_PROJECT_VERSION = 1;
				GENERATE_INFOPLIST_FILE = YES;
				MARKETING_VERSION = 1.0;
				PRODUCT_BUNDLE_IDENTIFIER = "com.example.Habit-TrackerUITests";
				PRODUCT_NAME = "$(TARGET_NAME)";
				SWIFT_EMIT_LOC_STRINGS = NO;
				SWIFT_VERSION = 5.0;
				TARGETED_DEVICE_FAMILY = "1,2";
				TEST_TARGET_NAME = "Habit Tracker";
			};
			name = Debug;
		};
		5DE8542A2BD65F9F00D176F6 /* Release */ = {
			isa = XCBuildConfiguration;
			buildSettings = {
				ALWAYS_EMBED_SWIFT_STANDARD_LIBRARIES = YES;
				CODE_SIGN_STYLE = Automatic;
				CURRENT_PROJECT_VERSION = 1;
				GENERATE_INFOPLIST_FILE = YES;
				MARKETING_VERSION = 1.0;
				PRODUCT_BUNDLE_IDENTIFIER = "com.example.Habit-TrackerUITests";
				PRODUCT_NAME = "$(TARGET_NAME)";
				SWIFT_EMIT_LOC_STRINGS = NO;
				SWIFT_VERSION = 5.0;
				TARGETED_DEVICE_FAMILY = "1,2";
				TEST_TARGET_NAME = "Habit Tracker";
			};
			name = Release;
		};
/* End XCBuildConfiguration section */

/* Begin XCConfigurationList section */
		5DE853F92BD65F9C00D176F6 /* Build configuration list for PBXProject "Habit Tracker" */ = {
			isa = XCConfigurationList;
			buildConfigurations = (
				5DE854202BD65F9F00D176F6 /* Debug */,
				5DE854212BD65F9F00D176F6 /* Release */,
			);
			defaultConfigurationIsVisible = 0;
			defaultConfigurationName = Release;
		};
		5DE854222BD65F9F00D176F6 /* Build configuration list for PBXNativeTarget "Habit Tracker" */ = {
			isa = XCConfigurationList;
			buildConfigurations = (
				5DE854232BD65F9F00D176F6 /* Debug */,
				5DE854242BD65F9F00D176F6 /* Release */,
			);
			defaultConfigurationIsVisible = 0;
			defaultConfigurationName = Release;
		};
		5DE854252BD65F9F00D176F6 /* Build configuration list for PBXNativeTarget "Habit TrackerTests" */ = {
			isa = XCConfigurationList;
			buildConfigurations = (
				5DE854262BD65F9F00D176F6 /* Debug */,
				5DE854272BD65F9F00D176F6 /* Release */,
			);
			defaultConfigurationIsVisible = 0;
			defaultConfigurationName = Release;
		};
		5DE854282BD65F9F00D176F6 /* Build configuration list for PBXNativeTarget "Habit TrackerUITests" */ = {
			isa = XCConfigurationList;
			buildConfigurations = (
				5DE854292BD65F9F00D176F6 /* Debug */,
				5DE8542A2BD65F9F00D176F6 /* Release */,
			);
			defaultConfigurationIsVisible = 0;
			defaultConfigurationName = Release;
		};
/* End XCConfigurationList section */

/* Begin XCRemoteSwiftPackageReference section */
		5DBDA7202BD7EAD800E44685 /* XCRemoteSwiftPackageReference "firebase-ios-sdk" */ = {
			isa = XCRemoteSwiftPackageReference;
			repositoryURL = "https://github.com/firebase/firebase-ios-sdk";
			requirement = {
				kind = upToNextMajorVersion;
				minimumVersion = 10.24.0;
			};
		};
/* End XCRemoteSwiftPackageReference section */

/* Begin XCSwiftPackageProductDependency section */
		5DBDA7212BD7EAD800E44685 /* FirebaseAuth */ = {
			isa = XCSwiftPackageProductDependency;
			package = 5DBDA7202BD7EAD800E44685 /* XCRemoteSwiftPackageReference "firebase-ios-sdk" */;
			productName = FirebaseAuth;
		};
		5DBDA7232BD7EAD800E44685 /* FirebaseFirestore */ = {
			isa = XCSwiftPackageProductDependency;
			package = 5DBDA7202BD7EAD800E44685 /* XCRemoteSwiftPackageReference "firebase-ios-sdk" */;
			productName = FirebaseFirestore;
		};
		5DBDA7252BD7EAD800E44685 /* FirebaseFirestoreSwift */ = {
			isa = XCSwiftPackageProductDependency;
			package = 5DBDA7202BD7EAD800E44685 /* XCRemoteSwiftPackageReference "firebase-ios-sdk" */;
			productName = FirebaseFirestoreSwift;
		};
/* End XCSwiftPackageProductDependency section */
	};
	rootObject = 5DE853F62BD65F9C00D176F6 /* Project object */;
}
